// !$*UTF8*$!
{
	archiveVersion = 1;
	classes = {
	};
	objectVersion = 52;
	objects = {

/* Begin PBXBuildFile section */
		B62DDD4A6F2568D528D39040 /* Pods_SnapkitEx.framework in Frameworks */ = {isa = PBXBuildFile; fileRef = 76C521B8B6E527004528085A /* Pods_SnapkitEx.framework */; };
		C3158333277DEB2A00F24F1D /* AppDelegate.swift in Sources */ = {isa = PBXBuildFile; fileRef = C3158332277DEB2A00F24F1D /* AppDelegate.swift */; };
		C3158335277DEB2A00F24F1D /* SceneDelegate.swift in Sources */ = {isa = PBXBuildFile; fileRef = C3158334277DEB2A00F24F1D /* SceneDelegate.swift */; };
		C3158337277DEB2A00F24F1D /* ViewController.swift in Sources */ = {isa = PBXBuildFile; fileRef = C3158336277DEB2A00F24F1D /* ViewController.swift */; };
		C315833A277DEB2A00F24F1D /* Main.storyboard in Resources */ = {isa = PBXBuildFile; fileRef = C3158338277DEB2A00F24F1D /* Main.storyboard */; };
		C315833C277DEB2B00F24F1D /* Assets.xcassets in Resources */ = {isa = PBXBuildFile; fileRef = C315833B277DEB2B00F24F1D /* Assets.xcassets */; };
		C315833F277DEB2B00F24F1D /* LaunchScreen.storyboard in Resources */ = {isa = PBXBuildFile; fileRef = C315833D277DEB2B00F24F1D /* LaunchScreen.storyboard */; };
		C3158348277DEC4000F24F1D /* SnapKit in Frameworks */ = {isa = PBXBuildFile; productRef = C3158347277DEC4000F24F1D /* SnapKit */; };
/* End PBXBuildFile section */

/* Begin PBXFileReference section */
		2225DA495F8EFA13C90C19AE /* Pods-SnapkitEx.release.xcconfig */ = {isa = PBXFileReference; includeInIndex = 1; lastKnownFileType = text.xcconfig; name = "Pods-SnapkitEx.release.xcconfig"; path = "Target Support Files/Pods-SnapkitEx/Pods-SnapkitEx.release.xcconfig"; sourceTree = "<group>"; };
		7559664E46E1A363F64AD035 /* Pods-SnapkitEx.debug.xcconfig */ = {isa = PBXFileReference; includeInIndex = 1; lastKnownFileType = text.xcconfig; name = "Pods-SnapkitEx.debug.xcconfig"; path = "Target Support Files/Pods-SnapkitEx/Pods-SnapkitEx.debug.xcconfig"; sourceTree = "<group>"; };
		76C521B8B6E527004528085A /* Pods_SnapkitEx.framework */ = {isa = PBXFileReference; explicitFileType = wrapper.framework; includeInIndex = 0; path = Pods_SnapkitEx.framework; sourceTree = BUILT_PRODUCTS_DIR; };
		C315832F277DEB2A00F24F1D /* SnapkitEx.app */ = {isa = PBXFileReference; explicitFileType = wrapper.application; includeInIndex = 0; path = SnapkitEx.app; sourceTree = BUILT_PRODUCTS_DIR; };
		C3158332277DEB2A00F24F1D /* AppDelegate.swift */ = {isa = PBXFileReference; lastKnownFileType = sourcecode.swift; path = AppDelegate.swift; sourceTree = "<group>"; };
		C3158334277DEB2A00F24F1D /* SceneDelegate.swift */ = {isa = PBXFileReference; lastKnownFileType = sourcecode.swift; path = SceneDelegate.swift; sourceTree = "<group>"; };
		C3158336277DEB2A00F24F1D /* ViewController.swift */ = {isa = PBXFileReference; lastKnownFileType = sourcecode.swift; path = ViewController.swift; sourceTree = "<group>"; };
		C3158339277DEB2A00F24F1D /* Base */ = {isa = PBXFileReference; lastKnownFileType = file.storyboard; name = Base; path = Base.lproj/Main.storyboard; sourceTree = "<group>"; };
		C315833B277DEB2B00F24F1D /* Assets.xcassets */ = {isa = PBXFileReference; lastKnownFileType = folder.assetcatalog; path = Assets.xcassets; sourceTree = "<group>"; };
		C315833E277DEB2B00F24F1D /* Base */ = {isa = PBXFileReference; lastKnownFileType = file.storyboard; name = Base; path = Base.lproj/LaunchScreen.storyboard; sourceTree = "<group>"; };
		C3158340277DEB2B00F24F1D /* Info.plist */ = {isa = PBXFileReference; lastKnownFileType = text.plist.xml; path = Info.plist; sourceTree = "<group>"; };
/* End PBXFileReference section */

/* Begin PBXFrameworksBuildPhase section */
		C315832C277DEB2A00F24F1D /* Frameworks */ = {
			isa = PBXFrameworksBuildPhase;
			buildActionMask = 2147483647;
			files = (
				C3158348277DEC4000F24F1D /* SnapKit in Frameworks */,
				B62DDD4A6F2568D528D39040 /* Pods_SnapkitEx.framework in Frameworks */,
			);
			runOnlyForDeploymentPostprocessing = 0;
		};
/* End PBXFrameworksBuildPhase section */

/* Begin PBXGroup section */
		9F7DBBBDCE889C1556FC88D2 /* Pods */ = {
			isa = PBXGroup;
			children = (
				7559664E46E1A363F64AD035 /* Pods-SnapkitEx.debug.xcconfig */,
				2225DA495F8EFA13C90C19AE /* Pods-SnapkitEx.release.xcconfig */,
			);
			name = Pods;
			path = Pods;
			sourceTree = "<group>";
		};
		C3158326277DEB2A00F24F1D = {
			isa = PBXGroup;
			children = (
				C3158331277DEB2A00F24F1D /* SnapkitEx */,
				C3158330277DEB2A00F24F1D /* Products */,
				9F7DBBBDCE889C1556FC88D2 /* Pods */,
				EAEAB8F334CA194A7D92F116 /* Frameworks */,
			);
			sourceTree = "<group>";
		};
		C3158330277DEB2A00F24F1D /* Products */ = {
			isa = PBXGroup;
			children = (
				C315832F277DEB2A00F24F1D /* SnapkitEx.app */,
			);
			name = Products;
			sourceTree = "<group>";
		};
		C3158331277DEB2A00F24F1D /* SnapkitEx */ = {
			isa = PBXGroup;
			children = (
				C3158332277DEB2A00F24F1D /* AppDelegate.swift */,
				C3158334277DEB2A00F24F1D /* SceneDelegate.swift */,
				C3158336277DEB2A00F24F1D /* ViewController.swift */,
				C3158338277DEB2A00F24F1D /* Main.storyboard */,
				C315833B277DEB2B00F24F1D /* Assets.xcassets */,
				C315833D277DEB2B00F24F1D /* LaunchScreen.storyboard */,
				C3158340277DEB2B00F24F1D /* Info.plist */,
			);
			path = SnapkitEx;
			sourceTree = "<group>";
		};
		EAEAB8F334CA194A7D92F116 /* Frameworks */ = {
			isa = PBXGroup;
			children = (
				76C521B8B6E527004528085A /* Pods_SnapkitEx.framework */,
			);
			name = Frameworks;
			sourceTree = "<group>";
		};
/* End PBXGroup section */

/* Begin PBXNativeTarget section */
		C315832E277DEB2A00F24F1D /* SnapkitEx */ = {
			isa = PBXNativeTarget;
			buildConfigurationList = C3158343277DEB2B00F24F1D /* Build configuration list for PBXNativeTarget "SnapkitEx" */;
			buildPhases = (
				B82774959EB3CCA266C12C7D /* [CP] Check Pods Manifest.lock */,
				C315832B277DEB2A00F24F1D /* Sources */,
				C315832C277DEB2A00F24F1D /* Frameworks */,
				C315832D277DEB2A00F24F1D /* Resources */,
			);
			buildRules = (
			);
			dependencies = (
			);
			name = SnapkitEx;
			packageProductDependencies = (
				C3158347277DEC4000F24F1D /* SnapKit */,
			);
			productName = SnapkitEx;
			productReference = C315832F277DEB2A00F24F1D /* SnapkitEx.app */;
			productType = "com.apple.product-type.application";
		};
/* End PBXNativeTarget section */

/* Begin PBXProject section */
		C3158327277DEB2A00F24F1D /* Project object */ = {
			isa = PBXProject;
			attributes = {
				LastSwiftUpdateCheck = 1250;
				LastUpgradeCheck = 1250;
				TargetAttributes = {
					C315832E277DEB2A00F24F1D = {
						CreatedOnToolsVersion = 12.5;
					};
				};
			};
			buildConfigurationList = C315832A277DEB2A00F24F1D /* Build configuration list for PBXProject "SnapkitEx" */;
			compatibilityVersion = "Xcode 9.3";
			developmentRegion = en;
			hasScannedForEncodings = 0;
			knownRegions = (
				en,
				Base,
			);
			mainGroup = C3158326277DEB2A00F24F1D;
			packageReferences = (
				C3158346277DEC4000F24F1D /* XCRemoteSwiftPackageReference "SnapKit.git" */,
			);
			productRefGroup = C3158330277DEB2A00F24F1D /* Products */;
			projectDirPath = "";
			projectRoot = "";
			targets = (
				C315832E277DEB2A00F24F1D /* SnapkitEx */,
			);
		};
/* End PBXProject section */

/* Begin PBXResourcesBuildPhase section */
		C315832D277DEB2A00F24F1D /* Resources */ = {
			isa = PBXResourcesBuildPhase;
			buildActionMask = 2147483647;
			files = (
				C315833F277DEB2B00F24F1D /* LaunchScreen.storyboard in Resources */,
				C315833C277DEB2B00F24F1D /* Assets.xcassets in Resources */,
				C315833A277DEB2A00F24F1D /* Main.storyboard in Resources */,
			);
			runOnlyForDeploymentPostprocessing = 0;
		};
/* End PBXResourcesBuildPhase section */

/* Begin PBXShellScriptBuildPhase section */
		B82774959EB3CCA266C12C7D /* [CP] Check Pods Manifest.lock */ = {
			isa = PBXShellScriptBuildPhase;
			buildActionMask = 2147483647;
			files = (
			);
			inputFileListPaths = (
			);
			inputPaths = (
				"${PODS_PODFILE_DIR_PATH}/Podfile.lock",
				"${PODS_ROOT}/Manifest.lock",
			);
			name = "[CP] Check Pods Manifest.lock";
			outputFileListPaths = (
			);
			outputPaths = (
				"$(DERIVED_FILE_DIR)/Pods-SnapkitEx-checkManifestLockResult.txt",
			);
			runOnlyForDeploymentPostprocessing = 0;
			shellPath = /bin/sh;
			shellScript = "diff \"${PODS_PODFILE_DIR_PATH}/Podfile.lock\" \"${PODS_ROOT}/Manifest.lock\" > /dev/null\nif [ $? != 0 ] ; then\n    # print error to STDERR\n    echo \"error: The sandbox is not in sync with the Podfile.lock. Run 'pod install' or update your CocoaPods installation.\" >&2\n    exit 1\nfi\n# This output is used by Xcode 'outputs' to avoid re-running this script phase.\necho \"SUCCESS\" > \"${SCRIPT_OUTPUT_FILE_0}\"\n";
			showEnvVarsInLog = 0;
		};
/* End PBXShellScriptBuildPhase section */

/* Begin PBXSourcesBuildPhase section */
		C315832B277DEB2A00F24F1D /* Sources */ = {
			isa = PBXSourcesBuildPhase;
			buildActionMask = 2147483647;
			files = (
				C3158337277DEB2A00F24F1D /* ViewController.swift in Sources */,
				C3158333277DEB2A00F24F1D /* AppDelegate.swift in Sources */,
				C3158335277DEB2A00F24F1D /* SceneDelegate.swift in Sources */,
			);
			runOnlyForDeploymentPostprocessing = 0;
		};
/* End PBXSourcesBuildPhase section */

/* Begin PBXVariantGroup section */
		C3158338277DEB2A00F24F1D /* Main.storyboard */ = {
			isa = PBXVariantGroup;
			children = (
				C3158339277DEB2A00F24F1D /* Base */,
			);
			name = Main.storyboard;
			sourceTree = "<group>";
		};
		C315833D277DEB2B00F24F1D /* LaunchScreen.storyboard */ = {
			isa = PBXVariantGroup;
			children = (
				C315833E277DEB2B00F24F1D /* Base */,
			);
			name = LaunchScreen.storyboard;
			sourceTree = "<group>";
		};
/* End PBXVariantGroup section */

/* Begin XCBuildConfiguration section */
		C3158341277DEB2B00F24F1D /* Debug */ = {
			isa = XCBuildConfiguration;
			buildSettings = {
				ALWAYS_SEARCH_USER_PATHS = NO;
				CLANG_ANALYZER_NONNULL = YES;
				CLANG_ANALYZER_NUMBER_OBJECT_CONVERSION = YES_AGGRESSIVE;
				CLANG_CXX_LANGUAGE_STANDARD = "gnu++14";
				CLANG_CXX_LIBRARY = "libc++";
				CLANG_ENABLE_MODULES = YES;
				CLANG_ENABLE_OBJC_ARC = YES;
				CLANG_ENABLE_OBJC_WEAK = YES;
				CLANG_WARN_BLOCK_CAPTURE_AUTORELEASING = YES;
				CLANG_WARN_BOOL_CONVERSION = YES;
				CLANG_WARN_COMMA = YES;
				CLANG_WARN_CONSTANT_CONVERSION = YES;
				CLANG_WARN_DEPRECATED_OBJC_IMPLEMENTATIONS = YES;
				CLANG_WARN_DIRECT_OBJC_ISA_USAGE = YES_ERROR;
				CLANG_WARN_DOCUMENTATION_COMMENTS = YES;
				CLANG_WARN_EMPTY_BODY = YES;
				CLANG_WARN_ENUM_CONVERSION = YES;
				CLANG_WARN_INFINITE_RECURSION = YES;
				CLANG_WARN_INT_CONVERSION = YES;
				CLANG_WARN_NON_LITERAL_NULL_CONVERSION = YES;
				CLANG_WARN_OBJC_IMPLICIT_RETAIN_SELF = YES;
				CLANG_WARN_OBJC_LITERAL_CONVERSION = YES;
				CLANG_WARN_OBJC_ROOT_CLASS = YES_ERROR;
				CLANG_WARN_QUOTED_INCLUDE_IN_FRAMEWORK_HEADER = YES;
				CLANG_WARN_RANGE_LOOP_ANALYSIS = YES;
				CLANG_WARN_STRICT_PROTOTYPES = YES;
				CLANG_WARN_SUSPICIOUS_MOVE = YES;
				CLANG_WARN_UNGUARDED_AVAILABILITY = YES_AGGRESSIVE;
				CLANG_WARN_UNREACHABLE_CODE = YES;
				CLANG_WARN__DUPLICATE_METHOD_MATCH = YES;
				COPY_PHASE_STRIP = NO;
				DEBUG_INFORMATION_FORMAT = dwarf;
				ENABLE_STRICT_OBJC_MSGSEND = YES;
				ENABLE_TESTABILITY = YES;
				GCC_C_LANGUAGE_STANDARD = gnu11;
				GCC_DYNAMIC_NO_PIC = NO;
				GCC_NO_COMMON_BLOCKS = YES;
				GCC_OPTIMIZATION_LEVEL = 0;
				GCC_PREPROCESSOR_DEFINITIONS = (
					"DEBUG=1",
					"$(inherited)",
				);
				GCC_WARN_64_TO_32_BIT_CONVERSION = YES;
				GCC_WARN_ABOUT_RETURN_TYPE = YES_ERROR;
				GCC_WARN_UNDECLARED_SELECTOR = YES;
				GCC_WARN_UNINITIALIZED_AUTOS = YES_AGGRESSIVE;
				GCC_WARN_UNUSED_FUNCTION = YES;
				GCC_WARN_UNUSED_VARIABLE = YES;
				IPHONEOS_DEPLOYMENT_TARGET = 14.5;
				MTL_ENABLE_DEBUG_INFO = INCLUDE_SOURCE;
				MTL_FAST_MATH = YES;
				ONLY_ACTIVE_ARCH = YES;
				SDKROOT = iphoneos;
				SWIFT_ACTIVE_COMPILATION_CONDITIONS = DEBUG;
				SWIFT_OPTIMIZATION_LEVEL = "-Onone";
			};
			name = Debug;
		};
		C3158342277DEB2B00F24F1D /* Release */ = {
			isa = XCBuildConfiguration;
			buildSettings = {
				ALWAYS_SEARCH_USER_PATHS = NO;
				CLANG_ANALYZER_NONNULL = YES;
				CLANG_ANALYZER_NUMBER_OBJECT_CONVERSION = YES_AGGRESSIVE;
				CLANG_CXX_LANGUAGE_STANDARD = "gnu++14";
				CLANG_CXX_LIBRARY = "libc++";
				CLANG_ENABLE_MODULES = YES;
				CLANG_ENABLE_OBJC_ARC = YES;
				CLANG_ENABLE_OBJC_WEAK = YES;
				CLANG_WARN_BLOCK_CAPTURE_AUTORELEASING = YES;
				CLANG_WARN_BOOL_CONVERSION = YES;
				CLANG_WARN_COMMA = YES;
				CLANG_WARN_CONSTANT_CONVERSION = YES;
				CLANG_WARN_DEPRECATED_OBJC_IMPLEMENTATIONS = YES;
				CLANG_WARN_DIRECT_OBJC_ISA_USAGE = YES_ERROR;
				CLANG_WARN_DOCUMENTATION_COMMENTS = YES;
				CLANG_WARN_EMPTY_BODY = YES;
				CLANG_WARN_ENUM_CONVERSION = YES;
				CLANG_WARN_INFINITE_RECURSION = YES;
				CLANG_WARN_INT_CONVERSION = YES;
				CLANG_WARN_NON_LITERAL_NULL_CONVERSION = YES;
				CLANG_WARN_OBJC_IMPLICIT_RETAIN_SELF = YES;
				CLANG_WARN_OBJC_LITERAL_CONVERSION = YES;
				CLANG_WARN_OBJC_ROOT_CLASS = YES_ERROR;
				CLANG_WARN_QUOTED_INCLUDE_IN_FRAMEWORK_HEADER = YES;
				CLANG_WARN_RANGE_LOOP_ANALYSIS = YES;
				CLANG_WARN_STRICT_PROTOTYPES = YES;
				CLANG_WARN_SUSPICIOUS_MOVE = YES;
				CLANG_WARN_UNGUARDED_AVAILABILITY = YES_AGGRESSIVE;
				CLANG_WARN_UNREACHABLE_CODE = YES;
				CLANG_WARN__DUPLICATE_METHOD_MATCH = YES;
				COPY_PHASE_STRIP = NO;
				DEBUG_INFORMATION_FORMAT = "dwarf-with-dsym";
				ENABLE_NS_ASSERTIONS = NO;
				ENABLE_STRICT_OBJC_MSGSEND = YES;
				GCC_C_LANGUAGE_STANDARD = gnu11;
				GCC_NO_COMMON_BLOCKS = YES;
				GCC_WARN_64_TO_32_BIT_CONVERSION = YES;
				GCC_WARN_ABOUT_RETURN_TYPE = YES_ERROR;
				GCC_WARN_UNDECLARED_SELECTOR = YES;
				GCC_WARN_UNINITIALIZED_AUTOS = YES_AGGRESSIVE;
				GCC_WARN_UNUSED_FUNCTION = YES;
				GCC_WARN_UNUSED_VARIABLE = YES;
				IPHONEOS_DEPLOYMENT_TARGET = 14.5;
				MTL_ENABLE_DEBUG_INFO = NO;
				MTL_FAST_MATH = YES;
				SDKROOT = iphoneos;
				SWIFT_COMPILATION_MODE = wholemodule;
				SWIFT_OPTIMIZATION_LEVEL = "-O";
				VALIDATE_PRODUCT = YES;
			};
			name = Release;
		};
		C3158344277DEB2B00F24F1D /* Debug */ = {
			isa = XCBuildConfiguration;
			baseConfigurationReference = 7559664E46E1A363F64AD035 /* Pods-SnapkitEx.debug.xcconfig */;
			buildSettings = {
				ASSETCATALOG_COMPILER_APPICON_NAME = AppIcon;
				ASSETCATALOG_COMPILER_GLOBAL_ACCENT_COLOR_NAME = AccentColor;
				CODE_SIGN_STYLE = Automatic;
				INFOPLIST_FILE = SnapkitEx/Info.plist;
				LD_RUNPATH_SEARCH_PATHS = (
					"$(inherited)",
					"@executable_path/Frameworks",
				);
				PRODUCT_BUNDLE_IDENTIFIER = com.chobi.SnapkitEx;
				PRODUCT_NAME = "$(TARGET_NAME)";
				SWIFT_VERSION = 5.0;
				TARGETED_DEVICE_FAMILY = "1,2";
			};
			name = Debug;
		};
		C3158345277DEB2B00F24F1D /* Release */ = {
			isa = XCBuildConfiguration;
			baseConfigurationReference = 2225DA495F8EFA13C90C19AE /* Pods-SnapkitEx.release.xcconfig */;
			buildSettings = {
				ASSETCATALOG_COMPILER_APPICON_NAME = AppIcon;
				ASSETCATALOG_COMPILER_GLOBAL_ACCENT_COLOR_NAME = AccentColor;
				CODE_SIGN_STYLE = Automatic;
				INFOPLIST_FILE = SnapkitEx/Info.plist;
				LD_RUNPATH_SEARCH_PATHS = (
					"$(inherited)",
					"@executable_path/Frameworks",
				);
				PRODUCT_BUNDLE_IDENTIFIER = com.chobi.SnapkitEx;
				PRODUCT_NAME = "$(TARGET_NAME)";
				SWIFT_VERSION = 5.0;
				TARGETED_DEVICE_FAMILY = "1,2";
			};
			name = Release;
		};
/* End XCBuildConfiguration section */

/* Begin XCConfigurationList section */
		C315832A277DEB2A00F24F1D /* Build configuration list for PBXProject "SnapkitEx" */ = {
			isa = XCConfigurationList;
			buildConfigurations = (
				C3158341277DEB2B00F24F1D /* Debug */,
				C3158342277DEB2B00F24F1D /* Release */,
			);
			defaultConfigurationIsVisible = 0;
			defaultConfigurationName = Release;
		};
		C3158343277DEB2B00F24F1D /* Build configuration list for PBXNativeTarget "SnapkitEx" */ = {
			isa = XCConfigurationList;
			buildConfigurations = (
				C3158344277DEB2B00F24F1D /* Debug */,
				C3158345277DEB2B00F24F1D /* Release */,
			);
			defaultConfigurationIsVisible = 0;
			defaultConfigurationName = Release;
		};
/* End XCConfigurationList section */

/* Begin XCRemoteSwiftPackageReference section */
		C3158346277DEC4000F24F1D /* XCRemoteSwiftPackageReference "SnapKit.git" */ = {
			isa = XCRemoteSwiftPackageReference;
			repositoryURL = "https://github.com/SnapKit/SnapKit.git";
			requirement = {
				kind = upToNextMajorVersion;
				minimumVersion = 5.0.1;
			};
		};
/* End XCRemoteSwiftPackageReference section */

/* Begin XCSwiftPackageProductDependency section */
		C3158347277DEC4000F24F1D /* SnapKit */ = {
			isa = XCSwiftPackageProductDependency;
			package = C3158346277DEC4000F24F1D /* XCRemoteSwiftPackageReference "SnapKit.git" */;
			productName = SnapKit;
		};
/* End XCSwiftPackageProductDependency section */
	};
	rootObject = C3158327277DEB2A00F24F1D /* Project object */;
}
