// !$*UTF8*$!
{
	archiveVersion = 1;
	classes = {
	};
	objectVersion = 56;
	objects = {

/* Begin PBXBuildFile section */
		C3F7191C290E63F70049316C /* AppDelegate.swift in Sources */ = {isa = PBXBuildFile; fileRef = C3F7191B290E63F70049316C /* AppDelegate.swift */; };
		C3F7191E290E63F70049316C /* SceneDelegate.swift in Sources */ = {isa = PBXBuildFile; fileRef = C3F7191D290E63F70049316C /* SceneDelegate.swift */; };
		C3F71920290E63F70049316C /* CounterViewController.swift in Sources */ = {isa = PBXBuildFile; fileRef = C3F7191F290E63F70049316C /* CounterViewController.swift */; };
		C3F71923290E63F70049316C /* Main.storyboard in Resources */ = {isa = PBXBuildFile; fileRef = C3F71921290E63F70049316C /* Main.storyboard */; };
		C3F71925290E63F80049316C /* Assets.xcassets in Resources */ = {isa = PBXBuildFile; fileRef = C3F71924290E63F80049316C /* Assets.xcassets */; };
		C3F71928290E63F80049316C /* LaunchScreen.storyboard in Resources */ = {isa = PBXBuildFile; fileRef = C3F71926290E63F80049316C /* LaunchScreen.storyboard */; };
		C3F71931290E65C20049316C /* RxCocoa in Frameworks */ = {isa = PBXBuildFile; productRef = C3F71930290E65C20049316C /* RxCocoa */; };
		C3F71933290E65C20049316C /* RxRelay in Frameworks */ = {isa = PBXBuildFile; productRef = C3F71932290E65C20049316C /* RxRelay */; };
		C3F71935290E65C20049316C /* RxSwift in Frameworks */ = {isa = PBXBuildFile; productRef = C3F71934290E65C20049316C /* RxSwift */; };
		C3F71938290E65FB0049316C /* ReactorKit in Frameworks */ = {isa = PBXBuildFile; productRef = C3F71937290E65FB0049316C /* ReactorKit */; };
		C3F7193A290E678D0049316C /* CounterViewReactor.swift in Sources */ = {isa = PBXBuildFile; fileRef = C3F71939290E678D0049316C /* CounterViewReactor.swift */; };
/* End PBXBuildFile section */

/* Begin PBXFileReference section */
		C3F71918290E63F70049316C /* ReactorKitEx.app */ = {isa = PBXFileReference; explicitFileType = wrapper.application; includeInIndex = 0; path = ReactorKitEx.app; sourceTree = BUILT_PRODUCTS_DIR; };
		C3F7191B290E63F70049316C /* AppDelegate.swift */ = {isa = PBXFileReference; lastKnownFileType = sourcecode.swift; path = AppDelegate.swift; sourceTree = "<group>"; };
		C3F7191D290E63F70049316C /* SceneDelegate.swift */ = {isa = PBXFileReference; lastKnownFileType = sourcecode.swift; path = SceneDelegate.swift; sourceTree = "<group>"; };
		C3F7191F290E63F70049316C /* CounterViewController.swift */ = {isa = PBXFileReference; lastKnownFileType = sourcecode.swift; path = CounterViewController.swift; sourceTree = "<group>"; };
		C3F71922290E63F70049316C /* Base */ = {isa = PBXFileReference; lastKnownFileType = file.storyboard; name = Base; path = Base.lproj/Main.storyboard; sourceTree = "<group>"; };
		C3F71924290E63F80049316C /* Assets.xcassets */ = {isa = PBXFileReference; lastKnownFileType = folder.assetcatalog; path = Assets.xcassets; sourceTree = "<group>"; };
		C3F71927290E63F80049316C /* Base */ = {isa = PBXFileReference; lastKnownFileType = file.storyboard; name = Base; path = Base.lproj/LaunchScreen.storyboard; sourceTree = "<group>"; };
		C3F71929290E63F80049316C /* Info.plist */ = {isa = PBXFileReference; lastKnownFileType = text.plist.xml; path = Info.plist; sourceTree = "<group>"; };
		C3F71939290E678D0049316C /* CounterViewReactor.swift */ = {isa = PBXFileReference; lastKnownFileType = sourcecode.swift; path = CounterViewReactor.swift; sourceTree = "<group>"; };
/* End PBXFileReference section */

/* Begin PBXFrameworksBuildPhase section */
		C3F71915290E63F70049316C /* Frameworks */ = {
			isa = PBXFrameworksBuildPhase;
			buildActionMask = 2147483647;
			files = (
				C3F71935290E65C20049316C /* RxSwift in Frameworks */,
				C3F71933290E65C20049316C /* RxRelay in Frameworks */,
				C3F71938290E65FB0049316C /* ReactorKit in Frameworks */,
				C3F71931290E65C20049316C /* RxCocoa in Frameworks */,
			);
			runOnlyForDeploymentPostprocessing = 0;
		};
/* End PBXFrameworksBuildPhase section */

/* Begin PBXGroup section */
		C3F7190F290E63F70049316C = {
			isa = PBXGroup;
			children = (
				C3F7191A290E63F70049316C /* ReactorKitEx */,
				C3F71919290E63F70049316C /* Products */,
			);
			sourceTree = "<group>";
		};
		C3F71919290E63F70049316C /* Products */ = {
			isa = PBXGroup;
			children = (
				C3F71918290E63F70049316C /* ReactorKitEx.app */,
			);
			name = Products;
			sourceTree = "<group>";
		};
		C3F7191A290E63F70049316C /* ReactorKitEx */ = {
			isa = PBXGroup;
			children = (
				C3F7191B290E63F70049316C /* AppDelegate.swift */,
				C3F7191D290E63F70049316C /* SceneDelegate.swift */,
				C3F7191F290E63F70049316C /* CounterViewController.swift */,
				C3F71921290E63F70049316C /* Main.storyboard */,
				C3F71924290E63F80049316C /* Assets.xcassets */,
				C3F71926290E63F80049316C /* LaunchScreen.storyboard */,
				C3F71929290E63F80049316C /* Info.plist */,
				C3F71939290E678D0049316C /* CounterViewReactor.swift */,
			);
			path = ReactorKitEx;
			sourceTree = "<group>";
		};
/* End PBXGroup section */

/* Begin PBXNativeTarget section */
		C3F71917290E63F70049316C /* ReactorKitEx */ = {
			isa = PBXNativeTarget;
			buildConfigurationList = C3F7192C290E63F80049316C /* Build configuration list for PBXNativeTarget "ReactorKitEx" */;
			buildPhases = (
				C3F71914290E63F70049316C /* Sources */,
				C3F71915290E63F70049316C /* Frameworks */,
				C3F71916290E63F70049316C /* Resources */,
			);
			buildRules = (
			);
			dependencies = (
			);
			name = ReactorKitEx;
			packageProductDependencies = (
				C3F71930290E65C20049316C /* RxCocoa */,
				C3F71932290E65C20049316C /* RxRelay */,
				C3F71934290E65C20049316C /* RxSwift */,
				C3F71937290E65FB0049316C /* ReactorKit */,
			);
			productName = ReactorKitEx;
			productReference = C3F71918290E63F70049316C /* ReactorKitEx.app */;
			productType = "com.apple.product-type.application";
		};
/* End PBXNativeTarget section */

/* Begin PBXProject section */
		C3F71910290E63F70049316C /* Project object */ = {
			isa = PBXProject;
			attributes = {
				BuildIndependentTargetsInParallel = 1;
				LastSwiftUpdateCheck = 1400;
				LastUpgradeCheck = 1400;
				TargetAttributes = {
					C3F71917290E63F70049316C = {
						CreatedOnToolsVersion = 14.0.1;
					};
				};
			};
			buildConfigurationList = C3F71913290E63F70049316C /* Build configuration list for PBXProject "ReactorKitEx" */;
			compatibilityVersion = "Xcode 14.0";
			developmentRegion = en;
			hasScannedForEncodings = 0;
			knownRegions = (
				en,
				Base,
			);
			mainGroup = C3F7190F290E63F70049316C;
			packageReferences = (
				C3F7192F290E65C20049316C /* XCRemoteSwiftPackageReference "RxSwift" */,
				C3F71936290E65FB0049316C /* XCRemoteSwiftPackageReference "ReactorKit" */,
			);
			productRefGroup = C3F71919290E63F70049316C /* Products */;
			projectDirPath = "";
			projectRoot = "";
			targets = (
				C3F71917290E63F70049316C /* ReactorKitEx */,
			);
		};
/* End PBXProject section */

/* Begin PBXResourcesBuildPhase section */
		C3F71916290E63F70049316C /* Resources */ = {
			isa = PBXResourcesBuildPhase;
			buildActionMask = 2147483647;
			files = (
				C3F71928290E63F80049316C /* LaunchScreen.storyboard in Resources */,
				C3F71925290E63F80049316C /* Assets.xcassets in Resources */,
				C3F71923290E63F70049316C /* Main.storyboard in Resources */,
			);
			runOnlyForDeploymentPostprocessing = 0;
		};
/* End PBXResourcesBuildPhase section */

/* Begin PBXSourcesBuildPhase section */
		C3F71914290E63F70049316C /* Sources */ = {
			isa = PBXSourcesBuildPhase;
			buildActionMask = 2147483647;
			files = (
				C3F71920290E63F70049316C /* CounterViewController.swift in Sources */,
				C3F7191C290E63F70049316C /* AppDelegate.swift in Sources */,
				C3F7193A290E678D0049316C /* CounterViewReactor.swift in Sources */,
				C3F7191E290E63F70049316C /* SceneDelegate.swift in Sources */,
			);
			runOnlyForDeploymentPostprocessing = 0;
		};
/* End PBXSourcesBuildPhase section */

/* Begin PBXVariantGroup section */
		C3F71921290E63F70049316C /* Main.storyboard */ = {
			isa = PBXVariantGroup;
			children = (
				C3F71922290E63F70049316C /* Base */,
			);
			name = Main.storyboard;
			sourceTree = "<group>";
		};
		C3F71926290E63F80049316C /* LaunchScreen.storyboard */ = {
			isa = PBXVariantGroup;
			children = (
				C3F71927290E63F80049316C /* Base */,
			);
			name = LaunchScreen.storyboard;
			sourceTree = "<group>";
		};
/* End PBXVariantGroup section */

/* Begin XCBuildConfiguration section */
		C3F7192A290E63F80049316C /* Debug */ = {
			isa = XCBuildConfiguration;
			buildSettings = {
				ALWAYS_SEARCH_USER_PATHS = NO;
				CLANG_ANALYZER_NONNULL = YES;
				CLANG_ANALYZER_NUMBER_OBJECT_CONVERSION = YES_AGGRESSIVE;
				CLANG_CXX_LANGUAGE_STANDARD = "gnu++20";
				CLANG_ENABLE_MODULES = YES;
				CLANG_ENABLE_OBJC_ARC = YES;
				CLANG_ENABLE_OBJC_WEAK = YES;
				CLANG_WARN_BLOCK_CAPTURE_AUTORELEASING = YES;
				CLANG_WARN_BOOL_CONVERSION = YES;
				CLANG_WARN_COMMA = YES;
				CLANG_WARN_CONSTANT_CONVERSION = YES;
				CLANG_WARN_DEPRECATED_OBJC_IMPLEMENTATIONS = YES;
				CLANG_WARN_DIRECT_OBJC_ISA_USAGE = YES_ERROR;
				CLANG_WARN_DOCUMENTATION_COMMENTS = YES;
				CLANG_WARN_EMPTY_BODY = YES;
				CLANG_WARN_ENUM_CONVERSION = YES;
				CLANG_WARN_INFINITE_RECURSION = YES;
				CLANG_WARN_INT_CONVERSION = YES;
				CLANG_WARN_NON_LITERAL_NULL_CONVERSION = YES;
				CLANG_WARN_OBJC_IMPLICIT_RETAIN_SELF = YES;
				CLANG_WARN_OBJC_LITERAL_CONVERSION = YES;
				CLANG_WARN_OBJC_ROOT_CLASS = YES_ERROR;
				CLANG_WARN_QUOTED_INCLUDE_IN_FRAMEWORK_HEADER = YES;
				CLANG_WARN_RANGE_LOOP_ANALYSIS = YES;
				CLANG_WARN_STRICT_PROTOTYPES = YES;
				CLANG_WARN_SUSPICIOUS_MOVE = YES;
				CLANG_WARN_UNGUARDED_AVAILABILITY = YES_AGGRESSIVE;
				CLANG_WARN_UNREACHABLE_CODE = YES;
				CLANG_WARN__DUPLICATE_METHOD_MATCH = YES;
				COPY_PHASE_STRIP = NO;
				DEBUG_INFORMATION_FORMAT = dwarf;
				ENABLE_STRICT_OBJC_MSGSEND = YES;
				ENABLE_TESTABILITY = YES;
				GCC_C_LANGUAGE_STANDARD = gnu11;
				GCC_DYNAMIC_NO_PIC = NO;
				GCC_NO_COMMON_BLOCKS = YES;
				GCC_OPTIMIZATION_LEVEL = 0;
				GCC_PREPROCESSOR_DEFINITIONS = (
					"DEBUG=1",
					"$(inherited)",
				);
				GCC_WARN_64_TO_32_BIT_CONVERSION = YES;
				GCC_WARN_ABOUT_RETURN_TYPE = YES_ERROR;
				GCC_WARN_UNDECLARED_SELECTOR = YES;
				GCC_WARN_UNINITIALIZED_AUTOS = YES_AGGRESSIVE;
				GCC_WARN_UNUSED_FUNCTION = YES;
				GCC_WARN_UNUSED_VARIABLE = YES;
				IPHONEOS_DEPLOYMENT_TARGET = 16.0;
				MTL_ENABLE_DEBUG_INFO = INCLUDE_SOURCE;
				MTL_FAST_MATH = YES;
				ONLY_ACTIVE_ARCH = YES;
				SDKROOT = iphoneos;
				SWIFT_ACTIVE_COMPILATION_CONDITIONS = DEBUG;
				SWIFT_OPTIMIZATION_LEVEL = "-Onone";
			};
			name = Debug;
		};
		C3F7192B290E63F80049316C /* Release */ = {
			isa = XCBuildConfiguration;
			buildSettings = {
				ALWAYS_SEARCH_USER_PATHS = NO;
				CLANG_ANALYZER_NONNULL = YES;
				CLANG_ANALYZER_NUMBER_OBJECT_CONVERSION = YES_AGGRESSIVE;
				CLANG_CXX_LANGUAGE_STANDARD = "gnu++20";
				CLANG_ENABLE_MODULES = YES;
				CLANG_ENABLE_OBJC_ARC = YES;
				CLANG_ENABLE_OBJC_WEAK = YES;
				CLANG_WARN_BLOCK_CAPTURE_AUTORELEASING = YES;
				CLANG_WARN_BOOL_CONVERSION = YES;
				CLANG_WARN_COMMA = YES;
				CLANG_WARN_CONSTANT_CONVERSION = YES;
				CLANG_WARN_DEPRECATED_OBJC_IMPLEMENTATIONS = YES;
				CLANG_WARN_DIRECT_OBJC_ISA_USAGE = YES_ERROR;
				CLANG_WARN_DOCUMENTATION_COMMENTS = YES;
				CLANG_WARN_EMPTY_BODY = YES;
				CLANG_WARN_ENUM_CONVERSION = YES;
				CLANG_WARN_INFINITE_RECURSION = YES;
				CLANG_WARN_INT_CONVERSION = YES;
				CLANG_WARN_NON_LITERAL_NULL_CONVERSION = YES;
				CLANG_WARN_OBJC_IMPLICIT_RETAIN_SELF = YES;
				CLANG_WARN_OBJC_LITERAL_CONVERSION = YES;
				CLANG_WARN_OBJC_ROOT_CLASS = YES_ERROR;
				CLANG_WARN_QUOTED_INCLUDE_IN_FRAMEWORK_HEADER = YES;
				CLANG_WARN_RANGE_LOOP_ANALYSIS = YES;
				CLANG_WARN_STRICT_PROTOTYPES = YES;
				CLANG_WARN_SUSPICIOUS_MOVE = YES;
				CLANG_WARN_UNGUARDED_AVAILABILITY = YES_AGGRESSIVE;
				CLANG_WARN_UNREACHABLE_CODE = YES;
				CLANG_WARN__DUPLICATE_METHOD_MATCH = YES;
				COPY_PHASE_STRIP = NO;
				DEBUG_INFORMATION_FORMAT = "dwarf-with-dsym";
				ENABLE_NS_ASSERTIONS = NO;
				ENABLE_STRICT_OBJC_MSGSEND = YES;
				GCC_C_LANGUAGE_STANDARD = gnu11;
				GCC_NO_COMMON_BLOCKS = YES;
				GCC_WARN_64_TO_32_BIT_CONVERSION = YES;
				GCC_WARN_ABOUT_RETURN_TYPE = YES_ERROR;
				GCC_WARN_UNDECLARED_SELECTOR = YES;
				GCC_WARN_UNINITIALIZED_AUTOS = YES_AGGRESSIVE;
				GCC_WARN_UNUSED_FUNCTION = YES;
				GCC_WARN_UNUSED_VARIABLE = YES;
				IPHONEOS_DEPLOYMENT_TARGET = 16.0;
				MTL_ENABLE_DEBUG_INFO = NO;
				MTL_FAST_MATH = YES;
				SDKROOT = iphoneos;
				SWIFT_COMPILATION_MODE = wholemodule;
				SWIFT_OPTIMIZATION_LEVEL = "-O";
				VALIDATE_PRODUCT = YES;
			};
			name = Release;
		};
		C3F7192D290E63F80049316C /* Debug */ = {
			isa = XCBuildConfiguration;
			buildSettings = {
				ASSETCATALOG_COMPILER_APPICON_NAME = AppIcon;
				ASSETCATALOG_COMPILER_GLOBAL_ACCENT_COLOR_NAME = AccentColor;
				CODE_SIGN_STYLE = Automatic;
				CURRENT_PROJECT_VERSION = 1;
				DEVELOPMENT_TEAM = XT9KMRDJC2;
				GENERATE_INFOPLIST_FILE = YES;
				INFOPLIST_FILE = ReactorKitEx/Info.plist;
				INFOPLIST_KEY_UIApplicationSupportsIndirectInputEvents = YES;
				INFOPLIST_KEY_UILaunchStoryboardName = LaunchScreen;
				INFOPLIST_KEY_UIMainStoryboardFile = Main;
				INFOPLIST_KEY_UISupportedInterfaceOrientations_iPad = "UIInterfaceOrientationPortrait UIInterfaceOrientationPortraitUpsideDown UIInterfaceOrientationLandscapeLeft UIInterfaceOrientationLandscapeRight";
				INFOPLIST_KEY_UISupportedInterfaceOrientations_iPhone = "UIInterfaceOrientationPortrait UIInterfaceOrientationLandscapeLeft UIInterfaceOrientationLandscapeRight";
				LD_RUNPATH_SEARCH_PATHS = (
					"$(inherited)",
					"@executable_path/Frameworks",
				);
				MARKETING_VERSION = 1.0;
				PRODUCT_BUNDLE_IDENTIFIER = com.chobi.ReactorKitEx;
				PRODUCT_NAME = "$(TARGET_NAME)";
				SWIFT_EMIT_LOC_STRINGS = YES;
				SWIFT_VERSION = 5.0;
				TARGETED_DEVICE_FAMILY = "1,2";
			};
			name = Debug;
		};
		C3F7192E290E63F80049316C /* Release */ = {
			isa = XCBuildConfiguration;
			buildSettings = {
				ASSETCATALOG_COMPILER_APPICON_NAME = AppIcon;
				ASSETCATALOG_COMPILER_GLOBAL_ACCENT_COLOR_NAME = AccentColor;
				CODE_SIGN_STYLE = Automatic;
				CURRENT_PROJECT_VERSION = 1;
				DEVELOPMENT_TEAM = XT9KMRDJC2;
				GENERATE_INFOPLIST_FILE = YES;
				INFOPLIST_FILE = ReactorKitEx/Info.plist;
				INFOPLIST_KEY_UIApplicationSupportsIndirectInputEvents = YES;
				INFOPLIST_KEY_UILaunchStoryboardName = LaunchScreen;
				INFOPLIST_KEY_UIMainStoryboardFile = Main;
				INFOPLIST_KEY_UISupportedInterfaceOrientations_iPad = "UIInterfaceOrientationPortrait UIInterfaceOrientationPortraitUpsideDown UIInterfaceOrientationLandscapeLeft UIInterfaceOrientationLandscapeRight";
				INFOPLIST_KEY_UISupportedInterfaceOrientations_iPhone = "UIInterfaceOrientationPortrait UIInterfaceOrientationLandscapeLeft UIInterfaceOrientationLandscapeRight";
				LD_RUNPATH_SEARCH_PATHS = (
					"$(inherited)",
					"@executable_path/Frameworks",
				);
				MARKETING_VERSION = 1.0;
				PRODUCT_BUNDLE_IDENTIFIER = com.chobi.ReactorKitEx;
				PRODUCT_NAME = "$(TARGET_NAME)";
				SWIFT_EMIT_LOC_STRINGS = YES;
				SWIFT_VERSION = 5.0;
				TARGETED_DEVICE_FAMILY = "1,2";
			};
			name = Release;
		};
/* End XCBuildConfiguration section */

/* Begin XCConfigurationList section */
		C3F71913290E63F70049316C /* Build configuration list for PBXProject "ReactorKitEx" */ = {
			isa = XCConfigurationList;
			buildConfigurations = (
				C3F7192A290E63F80049316C /* Debug */,
				C3F7192B290E63F80049316C /* Release */,
			);
			defaultConfigurationIsVisible = 0;
			defaultConfigurationName = Release;
		};
		C3F7192C290E63F80049316C /* Build configuration list for PBXNativeTarget "ReactorKitEx" */ = {
			isa = XCConfigurationList;
			buildConfigurations = (
				C3F7192D290E63F80049316C /* Debug */,
				C3F7192E290E63F80049316C /* Release */,
			);
			defaultConfigurationIsVisible = 0;
			defaultConfigurationName = Release;
		};
/* End XCConfigurationList section */

/* Begin XCRemoteSwiftPackageReference section */
		C3F7192F290E65C20049316C /* XCRemoteSwiftPackageReference "RxSwift" */ = {
			isa = XCRemoteSwiftPackageReference;
			repositoryURL = "https://github.com/ReactiveX/RxSwift.git";
			requirement = {
				branch = main;
				kind = branch;
			};
		};
		C3F71936290E65FB0049316C /* XCRemoteSwiftPackageReference "ReactorKit" */ = {
			isa = XCRemoteSwiftPackageReference;
			repositoryURL = "https://github.com/ReactorKit/ReactorKit.git";
			requirement = {
				kind = upToNextMajorVersion;
				minimumVersion = 3.0.0;
			};
		};
/* End XCRemoteSwiftPackageReference section */

/* Begin XCSwiftPackageProductDependency section */
		C3F71930290E65C20049316C /* RxCocoa */ = {
			isa = XCSwiftPackageProductDependency;
			package = C3F7192F290E65C20049316C /* XCRemoteSwiftPackageReference "RxSwift" */;
			productName = RxCocoa;
		};
		C3F71932290E65C20049316C /* RxRelay */ = {
			isa = XCSwiftPackageProductDependency;
			package = C3F7192F290E65C20049316C /* XCRemoteSwiftPackageReference "RxSwift" */;
			productName = RxRelay;
		};
		C3F71934290E65C20049316C /* RxSwift */ = {
			isa = XCSwiftPackageProductDependency;
			package = C3F7192F290E65C20049316C /* XCRemoteSwiftPackageReference "RxSwift" */;
			productName = RxSwift;
		};
		C3F71937290E65FB0049316C /* ReactorKit */ = {
			isa = XCSwiftPackageProductDependency;
			package = C3F71936290E65FB0049316C /* XCRemoteSwiftPackageReference "ReactorKit" */;
			productName = ReactorKit;
		};
/* End XCSwiftPackageProductDependency section */
	};
	rootObject = C3F71910290E63F70049316C /* Project object */;
}
